
Microsoft Visual Studio Solution File, Format Version 11.00
# Visual Studio 2010
Project("{F184B08F-C81C-45F6-A57F-5ABD9991F28F}") = "Common_vb", "Common_vb\Common_vb.vbproj", "{6696D97A-08D1-4322-BFFA-C0274D08A595}"
EndProject
Project("{FAE04EC0-301F-11D3-BF4B-00C04F79EFBC}") = "Common_cs", "Common_cs\Common_cs.csproj", "{9BB4E144-7646-4583-B4BB-C7E3709C1EBF}"
EndProject
Global
	GlobalSection(SolutionConfigurationPlatforms) = preSolution
		Debug|Any CPU = Debug|Any CPU
		Release|Any CPU = Release|Any CPU
	EndGlobalSection
	GlobalSection(ProjectConfigurationPlatforms) = postSolution
		{6696D97A-08D1-4322-BFFA-C0274D08A595}.Debug|Any CPU.ActiveCfg = Debug|Any CPU
		{6696D97A-08D1-4322-BFFA-C0274D08A595}.Debug|Any CPU.Build.0 = Debug|Any CPU
		{6696D97A-08D1-4322-BFFA-C0274D08A595}.Release|Any CPU.ActiveCfg = Release|Any CPU
		{6696D97A-08D1-4322-BFFA-C0274D08A595}.Release|Any CPU.Build.0 = Release|Any CPU
		{9BB4E144-7646-4583-B4BB-C7E3709C1EBF}.Debug|Any CPU.ActiveCfg = Debug|Any CPU
		{9BB4E144-7646-4583-B4BB-C7E3709C1EBF}.Debug|Any CPU.Build.0 = Debug|Any CPU
		{9BB4E144-7646-4583-B4BB-C7E3709C1EBF}.Release|Any CPU.ActiveCfg = Release|Any CPU
		{9BB4E144-7646-4583-B4BB-C7E3709C1EBF}.Release|Any CPU.Build.0 = Release|Any CPU
	EndGlobalSection
	GlobalSection(SolutionProperties) = preSolution
		HideSolutionNode = FALSE
	EndGlobalSection
EndGlobal
